// !$*UTF8*$!
{
	archiveVersion = 1;
	classes = {
	};
	objectVersion = 50;
	objects = {

/* Begin PBXBuildFile section */
		1668EE3E2124A879008B5B4A /* stations.xcdatamodeld in Sources */ = {isa = PBXBuildFile; fileRef = 1668EE3C2124A879008B5B4A /* stations.xcdatamodeld */; };
		16C522352141E25B007F9935 /* AboutViewController.swift in Sources */ = {isa = PBXBuildFile; fileRef = 16C522342141E25B007F9935 /* AboutViewController.swift */; };
		16C70A792107DF7400806321 /* StationDetailsViewController.swift in Sources */ = {isa = PBXBuildFile; fileRef = 16C70A782107DF7400806321 /* StationDetailsViewController.swift */; };
		16C70A7B210AA5FD00806321 /* StationDetailsTableViewCell.swift in Sources */ = {isa = PBXBuildFile; fileRef = 16C70A7A210AA5FD00806321 /* StationDetailsTableViewCell.swift */; };
		16F5BDB921062B7F00A93A03 /* AppDelegate.swift in Sources */ = {isa = PBXBuildFile; fileRef = 16F5BDB821062B7F00A93A03 /* AppDelegate.swift */; };
		16F5BDBB21062B7F00A93A03 /* ViewController.swift in Sources */ = {isa = PBXBuildFile; fileRef = 16F5BDBA21062B7F00A93A03 /* ViewController.swift */; };
		16F5BDBE21062B7F00A93A03 /* Main.storyboard in Resources */ = {isa = PBXBuildFile; fileRef = 16F5BDBC21062B7F00A93A03 /* Main.storyboard */; };
		16F5BDC021062B8000A93A03 /* Assets.xcassets in Resources */ = {isa = PBXBuildFile; fileRef = 16F5BDBF21062B8000A93A03 /* Assets.xcassets */; };
		16F5BDC321062B8000A93A03 /* LaunchScreen.storyboard in Resources */ = {isa = PBXBuildFile; fileRef = 16F5BDC121062B8000A93A03 /* LaunchScreen.storyboard */; };
		16F5BDCB2106320400A93A03 /* MapViewController.swift in Sources */ = {isa = PBXBuildFile; fileRef = 16F5BDCA2106320400A93A03 /* MapViewController.swift */; };
		16F5BDCD2106321C00A93A03 /* ListViewController.swift in Sources */ = {isa = PBXBuildFile; fileRef = 16F5BDCC2106321C00A93A03 /* ListViewController.swift */; };
		16F5BDCF2106332600A93A03 /* ListTableViewCell.swift in Sources */ = {isa = PBXBuildFile; fileRef = 16F5BDCE2106332600A93A03 /* ListTableViewCell.swift */; };
		16F5BDD12106376C00A93A03 /* StationsController.swift in Sources */ = {isa = PBXBuildFile; fileRef = 16F5BDD02106376C00A93A03 /* StationsController.swift */; };
		16F5BDD32106382C00A93A03 /* Station.swift in Sources */ = {isa = PBXBuildFile; fileRef = 16F5BDD22106382C00A93A03 /* Station.swift */; };
		16F5BDD72106397000A93A03 /* stations.json in Resources */ = {isa = PBXBuildFile; fileRef = 16F5BDD62106397000A93A03 /* stations.json */; };
		16F5BDD92106789800A93A03 /* StationsInfo.swift in Sources */ = {isa = PBXBuildFile; fileRef = 16F5BDD82106789800A93A03 /* StationsInfo.swift */; };
/* End PBXBuildFile section */

/* Begin PBXFileReference section */
		1668EE3D2124A879008B5B4A /* stations.xcdatamodel */ = {isa = PBXFileReference; lastKnownFileType = wrapper.xcdatamodel; path = stations.xcdatamodel; sourceTree = "<group>"; };
		16C522342141E25B007F9935 /* AboutViewController.swift */ = {isa = PBXFileReference; lastKnownFileType = sourcecode.swift; path = AboutViewController.swift; sourceTree = "<group>"; };
		16C70A782107DF7400806321 /* StationDetailsViewController.swift */ = {isa = PBXFileReference; lastKnownFileType = sourcecode.swift; path = StationDetailsViewController.swift; sourceTree = "<group>"; };
		16C70A7A210AA5FD00806321 /* StationDetailsTableViewCell.swift */ = {isa = PBXFileReference; lastKnownFileType = sourcecode.swift; path = StationDetailsTableViewCell.swift; sourceTree = "<group>"; };
		16F5BDB521062B7F00A93A03 /* GlampingStations.app */ = {isa = PBXFileReference; explicitFileType = wrapper.application; includeInIndex = 0; path = GlampingStations.app; sourceTree = BUILT_PRODUCTS_DIR; };
		16F5BDB821062B7F00A93A03 /* AppDelegate.swift */ = {isa = PBXFileReference; lastKnownFileType = sourcecode.swift; path = AppDelegate.swift; sourceTree = "<group>"; };
		16F5BDBA21062B7F00A93A03 /* ViewController.swift */ = {isa = PBXFileReference; lastKnownFileType = sourcecode.swift; path = ViewController.swift; sourceTree = "<group>"; };
		16F5BDBD21062B7F00A93A03 /* Base */ = {isa = PBXFileReference; lastKnownFileType = file.storyboard; name = Base; path = Base.lproj/Main.storyboard; sourceTree = "<group>"; };
		16F5BDBF21062B8000A93A03 /* Assets.xcassets */ = {isa = PBXFileReference; lastKnownFileType = folder.assetcatalog; path = Assets.xcassets; sourceTree = "<group>"; };
		16F5BDC221062B8000A93A03 /* Base */ = {isa = PBXFileReference; lastKnownFileType = file.storyboard; name = Base; path = Base.lproj/LaunchScreen.storyboard; sourceTree = "<group>"; };
		16F5BDC421062B8000A93A03 /* Info.plist */ = {isa = PBXFileReference; lastKnownFileType = text.plist.xml; path = Info.plist; sourceTree = "<group>"; };
		16F5BDCA2106320400A93A03 /* MapViewController.swift */ = {isa = PBXFileReference; lastKnownFileType = sourcecode.swift; path = MapViewController.swift; sourceTree = "<group>"; };
		16F5BDCC2106321C00A93A03 /* ListViewController.swift */ = {isa = PBXFileReference; lastKnownFileType = sourcecode.swift; path = ListViewController.swift; sourceTree = "<group>"; };
		16F5BDCE2106332600A93A03 /* ListTableViewCell.swift */ = {isa = PBXFileReference; lastKnownFileType = sourcecode.swift; path = ListTableViewCell.swift; sourceTree = "<group>"; };
		16F5BDD02106376C00A93A03 /* StationsController.swift */ = {isa = PBXFileReference; lastKnownFileType = sourcecode.swift; path = StationsController.swift; sourceTree = "<group>"; };
		16F5BDD22106382C00A93A03 /* Station.swift */ = {isa = PBXFileReference; lastKnownFileType = sourcecode.swift; path = Station.swift; sourceTree = "<group>"; };
		16F5BDD62106397000A93A03 /* stations.json */ = {isa = PBXFileReference; fileEncoding = 4; lastKnownFileType = text.json; path = stations.json; sourceTree = "<group>"; };
		16F5BDD82106789800A93A03 /* StationsInfo.swift */ = {isa = PBXFileReference; lastKnownFileType = sourcecode.swift; path = StationsInfo.swift; sourceTree = "<group>"; };
/* End PBXFileReference section */

/* Begin PBXFrameworksBuildPhase section */
		16F5BDB221062B7F00A93A03 /* Frameworks */ = {
			isa = PBXFrameworksBuildPhase;
			buildActionMask = 2147483647;
			files = (
			);
			runOnlyForDeploymentPostprocessing = 0;
		};
/* End PBXFrameworksBuildPhase section */

/* Begin PBXGroup section */
		16F5BDAC21062B7E00A93A03 = {
			isa = PBXGroup;
			children = (
				1668EE3C2124A879008B5B4A /* stations.xcdatamodeld */,
				16F5BDB721062B7F00A93A03 /* GlampingStations */,
				16F5BDB621062B7F00A93A03 /* Products */,
			);
			sourceTree = "<group>";
		};
		16F5BDB621062B7F00A93A03 /* Products */ = {
			isa = PBXGroup;
			children = (
				16F5BDB521062B7F00A93A03 /* GlampingStations.app */,
			);
			name = Products;
			sourceTree = "<group>";
		};
		16F5BDB721062B7F00A93A03 /* GlampingStations */ = {
			isa = PBXGroup;
			children = (
				16F5BDB821062B7F00A93A03 /* AppDelegate.swift */,
				16F5BDBA21062B7F00A93A03 /* ViewController.swift */,
				16F5BDBC21062B7F00A93A03 /* Main.storyboard */,
				16C522342141E25B007F9935 /* AboutViewController.swift */,
				16F5BDBF21062B8000A93A03 /* Assets.xcassets */,
				16F5BDC121062B8000A93A03 /* LaunchScreen.storyboard */,
				16F5BDC421062B8000A93A03 /* Info.plist */,
				16F5BDCA2106320400A93A03 /* MapViewController.swift */,
				16F5BDCC2106321C00A93A03 /* ListViewController.swift */,
				16F5BDCE2106332600A93A03 /* ListTableViewCell.swift */,
				16F5BDD02106376C00A93A03 /* StationsController.swift */,
				16F5BDD22106382C00A93A03 /* Station.swift */,
				16F5BDD62106397000A93A03 /* stations.json */,
				16C70A782107DF7400806321 /* StationDetailsViewController.swift */,
				16C70A7A210AA5FD00806321 /* StationDetailsTableViewCell.swift */,
				16F5BDD82106789800A93A03 /* StationsInfo.swift */,
			);
			path = GlampingStations;
			sourceTree = "<group>";
		};
/* End PBXGroup section */

/* Begin PBXNativeTarget section */
		16F5BDB421062B7F00A93A03 /* GlampingStations */ = {
			isa = PBXNativeTarget;
			buildConfigurationList = 16F5BDC721062B8000A93A03 /* Build configuration list for PBXNativeTarget "GlampingStations" */;
			buildPhases = (
				16F5BDB121062B7F00A93A03 /* Sources */,
				16F5BDB221062B7F00A93A03 /* Frameworks */,
				16F5BDB321062B7F00A93A03 /* Resources */,
			);
			buildRules = (
			);
			dependencies = (
			);
			name = GlampingStations;
			productName = GlampingStations;
			productReference = 16F5BDB521062B7F00A93A03 /* GlampingStations.app */;
			productType = "com.apple.product-type.application";
		};
/* End PBXNativeTarget section */

/* Begin PBXProject section */
		16F5BDAD21062B7E00A93A03 /* Project object */ = {
			isa = PBXProject;
			attributes = {
				LastSwiftUpdateCheck = 0940;
				LastUpgradeCheck = 0940;
				ORGANIZATIONNAME = "Scott Kriss";
				TargetAttributes = {
					16F5BDB421062B7F00A93A03 = {
						CreatedOnToolsVersion = 9.4;
						LastSwiftMigration = 1250;
					};
				};
			};
			buildConfigurationList = 16F5BDB021062B7E00A93A03 /* Build configuration list for PBXProject "GlampingStations" */;
			compatibilityVersion = "Xcode 9.3";
			developmentRegion = en;
			hasScannedForEncodings = 0;
			knownRegions = (
				en,
				Base,
			);
			mainGroup = 16F5BDAC21062B7E00A93A03;
			productRefGroup = 16F5BDB621062B7F00A93A03 /* Products */;
			projectDirPath = "";
			projectRoot = "";
			targets = (
				16F5BDB421062B7F00A93A03 /* GlampingStations */,
			);
		};
/* End PBXProject section */

/* Begin PBXResourcesBuildPhase section */
		16F5BDB321062B7F00A93A03 /* Resources */ = {
			isa = PBXResourcesBuildPhase;
			buildActionMask = 2147483647;
			files = (
				16F5BDC321062B8000A93A03 /* LaunchScreen.storyboard in Resources */,
				16F5BDC021062B8000A93A03 /* Assets.xcassets in Resources */,
				16F5BDD72106397000A93A03 /* stations.json in Resources */,
				16F5BDBE21062B7F00A93A03 /* Main.storyboard in Resources */,
			);
			runOnlyForDeploymentPostprocessing = 0;
		};
/* End PBXResourcesBuildPhase section */

/* Begin PBXSourcesBuildPhase section */
		16F5BDB121062B7F00A93A03 /* Sources */ = {
			isa = PBXSourcesBuildPhase;
			buildActionMask = 2147483647;
			files = (
				16F5BDBB21062B7F00A93A03 /* ViewController.swift in Sources */,
				16F5BDCB2106320400A93A03 /* MapViewController.swift in Sources */,
				1668EE3E2124A879008B5B4A /* stations.xcdatamodeld in Sources */,
				16F5BDD12106376C00A93A03 /* StationsController.swift in Sources */,
				16C70A7B210AA5FD00806321 /* StationDetailsTableViewCell.swift in Sources */,
				16F5BDCD2106321C00A93A03 /* ListViewController.swift in Sources */,
				16C522352141E25B007F9935 /* AboutViewController.swift in Sources */,
				16F5BDB921062B7F00A93A03 /* AppDelegate.swift in Sources */,
				16C70A792107DF7400806321 /* StationDetailsViewController.swift in Sources */,
				16F5BDD32106382C00A93A03 /* Station.swift in Sources */,
				16F5BDD92106789800A93A03 /* StationsInfo.swift in Sources */,
				16F5BDCF2106332600A93A03 /* ListTableViewCell.swift in Sources */,
			);
			runOnlyForDeploymentPostprocessing = 0;
		};
/* End PBXSourcesBuildPhase section */

/* Begin PBXVariantGroup section */
		16F5BDBC21062B7F00A93A03 /* Main.storyboard */ = {
			isa = PBXVariantGroup;
			children = (
				16F5BDBD21062B7F00A93A03 /* Base */,
			);
			name = Main.storyboard;
			sourceTree = "<group>";
		};
		16F5BDC121062B8000A93A03 /* LaunchScreen.storyboard */ = {
			isa = PBXVariantGroup;
			children = (
				16F5BDC221062B8000A93A03 /* Base */,
			);
			name = LaunchScreen.storyboard;
			sourceTree = "<group>";
		};
/* End PBXVariantGroup section */

/* Begin XCBuildConfiguration section */
		16F5BDC521062B8000A93A03 /* Debug */ = {
			isa = XCBuildConfiguration;
			buildSettings = {
				ALWAYS_SEARCH_USER_PATHS = NO;
				CLANG_ANALYZER_NONNULL = YES;
				CLANG_ANALYZER_NUMBER_OBJECT_CONVERSION = YES_AGGRESSIVE;
				CLANG_CXX_LANGUAGE_STANDARD = "gnu++14";
				CLANG_CXX_LIBRARY = "libc++";
				CLANG_ENABLE_MODULES = YES;
				CLANG_ENABLE_OBJC_ARC = YES;
				CLANG_ENABLE_OBJC_WEAK = YES;
				CLANG_WARN_BLOCK_CAPTURE_AUTORELEASING = YES;
				CLANG_WARN_BOOL_CONVERSION = YES;
				CLANG_WARN_COMMA = YES;
				CLANG_WARN_CONSTANT_CONVERSION = YES;
				CLANG_WARN_DEPRECATED_OBJC_IMPLEMENTATIONS = YES;
				CLANG_WARN_DIRECT_OBJC_ISA_USAGE = YES_ERROR;
				CLANG_WARN_DOCUMENTATION_COMMENTS = YES;
				CLANG_WARN_EMPTY_BODY = YES;
				CLANG_WARN_ENUM_CONVERSION = YES;
				CLANG_WARN_INFINITE_RECURSION = YES;
				CLANG_WARN_INT_CONVERSION = YES;
				CLANG_WARN_NON_LITERAL_NULL_CONVERSION = YES;
				CLANG_WARN_OBJC_IMPLICIT_RETAIN_SELF = YES;
				CLANG_WARN_OBJC_LITERAL_CONVERSION = YES;
				CLANG_WARN_OBJC_ROOT_CLASS = YES_ERROR;
				CLANG_WARN_RANGE_LOOP_ANALYSIS = YES;
				CLANG_WARN_STRICT_PROTOTYPES = YES;
				CLANG_WARN_SUSPICIOUS_MOVE = YES;
				CLANG_WARN_UNGUARDED_AVAILABILITY = YES_AGGRESSIVE;
				CLANG_WARN_UNREACHABLE_CODE = YES;
				CLANG_WARN__DUPLICATE_METHOD_MATCH = YES;
				CODE_SIGN_IDENTITY = "iPhone Developer";
				COPY_PHASE_STRIP = NO;
				DEBUG_INFORMATION_FORMAT = dwarf;
				ENABLE_STRICT_OBJC_MSGSEND = YES;
				ENABLE_TESTABILITY = YES;
				GCC_C_LANGUAGE_STANDARD = gnu11;
				GCC_DYNAMIC_NO_PIC = NO;
				GCC_NO_COMMON_BLOCKS = YES;
				GCC_OPTIMIZATION_LEVEL = 0;
				GCC_PREPROCESSOR_DEFINITIONS = (
					"DEBUG=1",
					"$(inherited)",
				);
				GCC_WARN_64_TO_32_BIT_CONVERSION = YES;
				GCC_WARN_ABOUT_RETURN_TYPE = YES_ERROR;
				GCC_WARN_UNDECLARED_SELECTOR = YES;
				GCC_WARN_UNINITIALIZED_AUTOS = YES_AGGRESSIVE;
				GCC_WARN_UNUSED_FUNCTION = YES;
				GCC_WARN_UNUSED_VARIABLE = YES;
				IPHONEOS_DEPLOYMENT_TARGET = 11.4;
				MTL_ENABLE_DEBUG_INFO = YES;
				ONLY_ACTIVE_ARCH = YES;
				SDKROOT = iphoneos;
				SWIFT_ACTIVE_COMPILATION_CONDITIONS = DEBUG;
				SWIFT_OPTIMIZATION_LEVEL = "-Onone";
			};
			name = Debug;
		};
		16F5BDC621062B8000A93A03 /* Release */ = {
			isa = XCBuildConfiguration;
			buildSettings = {
				ALWAYS_SEARCH_USER_PATHS = NO;
				CLANG_ANALYZER_NONNULL = YES;
				CLANG_ANALYZER_NUMBER_OBJECT_CONVERSION = YES_AGGRESSIVE;
				CLANG_CXX_LANGUAGE_STANDARD = "gnu++14";
				CLANG_CXX_LIBRARY = "libc++";
				CLANG_ENABLE_MODULES = YES;
				CLANG_ENABLE_OBJC_ARC = YES;
				CLANG_ENABLE_OBJC_WEAK = YES;
				CLANG_WARN_BLOCK_CAPTURE_AUTORELEASING = YES;
				CLANG_WARN_BOOL_CONVERSION = YES;
				CLANG_WARN_COMMA = YES;
				CLANG_WARN_CONSTANT_CONVERSION = YES;
				CLANG_WARN_DEPRECATED_OBJC_IMPLEMENTATIONS = YES;
				CLANG_WARN_DIRECT_OBJC_ISA_USAGE = YES_ERROR;
				CLANG_WARN_DOCUMENTATION_COMMENTS = YES;
				CLANG_WARN_EMPTY_BODY = YES;
				CLANG_WARN_ENUM_CONVERSION = YES;
				CLANG_WARN_INFINITE_RECURSION = YES;
				CLANG_WARN_INT_CONVERSION = YES;
				CLANG_WARN_NON_LITERAL_NULL_CONVERSION = YES;
				CLANG_WARN_OBJC_IMPLICIT_RETAIN_SELF = YES;
				CLANG_WARN_OBJC_LITERAL_CONVERSION = YES;
				CLANG_WARN_OBJC_ROOT_CLASS = YES_ERROR;
				CLANG_WARN_RANGE_LOOP_ANALYSIS = YES;
				CLANG_WARN_STRICT_PROTOTYPES = YES;
				CLANG_WARN_SUSPICIOUS_MOVE = YES;
				CLANG_WARN_UNGUARDED_AVAILABILITY = YES_AGGRESSIVE;
				CLANG_WARN_UNREACHABLE_CODE = YES;
				CLANG_WARN__DUPLICATE_METHOD_MATCH = YES;
				CODE_SIGN_IDENTITY = "iPhone Developer";
				COPY_PHASE_STRIP = NO;
				DEBUG_INFORMATION_FORMAT = "dwarf-with-dsym";
				ENABLE_NS_ASSERTIONS = NO;
				ENABLE_STRICT_OBJC_MSGSEND = YES;
				GCC_C_LANGUAGE_STANDARD = gnu11;
				GCC_NO_COMMON_BLOCKS = YES;
				GCC_WARN_64_TO_32_BIT_CONVERSION = YES;
				GCC_WARN_ABOUT_RETURN_TYPE = YES_ERROR;
				GCC_WARN_UNDECLARED_SELECTOR = YES;
				GCC_WARN_UNINITIALIZED_AUTOS = YES_AGGRESSIVE;
				GCC_WARN_UNUSED_FUNCTION = YES;
				GCC_WARN_UNUSED_VARIABLE = YES;
				IPHONEOS_DEPLOYMENT_TARGET = 11.4;
				MTL_ENABLE_DEBUG_INFO = NO;
				SDKROOT = iphoneos;
				SWIFT_COMPILATION_MODE = wholemodule;
				SWIFT_OPTIMIZATION_LEVEL = "-O";
				VALIDATE_PRODUCT = YES;
			};
			name = Release;
		};
		16F5BDC821062B8000A93A03 /* Debug */ = {
			isa = XCBuildConfiguration;
			buildSettings = {
				ASSETCATALOG_COMPILER_APPICON_NAME = AppIcon;
				CODE_SIGN_STYLE = Automatic;
				CURRENT_PROJECT_VERSION = 6;
				DEVELOPMENT_TEAM = 6QK74KTAZV;
				INFOPLIST_FILE = GlampingStations/Info.plist;
				LD_RUNPATH_SEARCH_PATHS = (
					"$(inherited)",
					"@executable_path/Frameworks",
				);
				PRODUCT_BUNDLE_IDENTIFIER = com.happygiraffe.GlampingStations1;
				PRODUCT_NAME = "$(TARGET_NAME)";
				SWIFT_VERSION = 5.0;
				TARGETED_DEVICE_FAMILY = "1,2";
			};
			name = Debug;
		};
		16F5BDC921062B8000A93A03 /* Release */ = {
			isa = XCBuildConfiguration;
			buildSettings = {
				ASSETCATALOG_COMPILER_APPICON_NAME = AppIcon;
				CODE_SIGN_STYLE = Automatic;
				CURRENT_PROJECT_VERSION = 6;
				DEVELOPMENT_TEAM = 6QK74KTAZV;
				INFOPLIST_FILE = GlampingStations/Info.plist;
				LD_RUNPATH_SEARCH_PATHS = (
					"$(inherited)",
					"@executable_path/Frameworks",
				);
				PRODUCT_BUNDLE_IDENTIFIER = com.happygiraffe.GlampingStations1;
				PRODUCT_NAME = "$(TARGET_NAME)";
				SWIFT_VERSION = 5.0;
				TARGETED_DEVICE_FAMILY = "1,2";
			};
			name = Release;
		};
/* End XCBuildConfiguration section */

/* Begin XCConfigurationList section */
		16F5BDB021062B7E00A93A03 /* Build configuration list for PBXProject "GlampingStations" */ = {
			isa = XCConfigurationList;
			buildConfigurations = (
				16F5BDC521062B8000A93A03 /* Debug */,
				16F5BDC621062B8000A93A03 /* Release */,
			);
			defaultConfigurationIsVisible = 0;
			defaultConfigurationName = Release;
		};
		16F5BDC721062B8000A93A03 /* Build configuration list for PBXNativeTarget "GlampingStations" */ = {
			isa = XCConfigurationList;
			buildConfigurations = (
				16F5BDC821062B8000A93A03 /* Debug */,
				16F5BDC921062B8000A93A03 /* Release */,
			);
			defaultConfigurationIsVisible = 0;
			defaultConfigurationName = Release;
		};
/* End XCConfigurationList section */

/* Begin XCVersionGroup section */
		1668EE3C2124A879008B5B4A /* stations.xcdatamodeld */ = {
			isa = XCVersionGroup;
			children = (
				1668EE3D2124A879008B5B4A /* stations.xcdatamodel */,
			);
			currentVersion = 1668EE3D2124A879008B5B4A /* stations.xcdatamodel */;
			path = stations.xcdatamodeld;
			sourceTree = "<group>";
			versionGroupType = wrapper.xcdatamodel;
		};
/* End XCVersionGroup section */
	};
	rootObject = 16F5BDAD21062B7E00A93A03 /* Project object */;
}
